
Microsoft Visual Studio Solution File, Format Version 12.00
# Visual Studio Version 17
VisualStudioVersion = 17.4.33110.190
MinimumVisualStudioVersion = 10.0.40219.1
Project("{FAE04EC0-301F-11D3-BF4B-00C04F79EFBC}") = "Week01_Lesson07_Ex01_HelloWorld", "Week01_Lesson07_Ex01_HelloWorld\Week01_Lesson07_Ex01_HelloWorld.csproj", "{6A40111A-93F5-4623-BF9B-DE3764FC545D}"
EndProject
Global
	GlobalSection(SolutionConfigurationPlatforms) = preSolution
		Debug|Any CPU = Debug|Any CPU
		Release|Any CPU = Release|Any CPU
	EndGlobalSection
	GlobalSection(ProjectConfigurationPlatforms) = postSolution
		{6A40111A-93F5-4623-BF9B-DE3764FC545D}.Debug|Any CPU.ActiveCfg = Debug|Any CPU
		{6A40111A-93F5-4623-BF9B-DE3764FC545D}.Debug|Any CPU.Build.0 = Debug|Any CPU
		{6A40111A-93F5-4623-BF9B-DE3764FC545D}.Release|Any CPU.ActiveCfg = Release|Any CPU
		{6A40111A-93F5-4623-BF9B-DE3764FC545D}.Release|Any CPU.Build.0 = Release|Any CPU
	EndGlobalSection
	GlobalSection(SolutionProperties) = preSolution
		HideSolutionNode = FALSE
	EndGlobalSection
	GlobalSection(ExtensibilityGlobals) = postSolution
		SolutionGuid = {C27E4276-8F83-4483-8DD2-FB7C89483D45}
	EndGlobalSection
EndGlobal
